
Microsoft Visual Studio Solution File, Format Version 12.00
# Visual Studio 15
VisualStudioVersion = 15.0.28010.2048
MinimumVisualStudioVersion = 10.0.40219.1
Project("{9A19103F-16F7-4668-BE54-9A1E7A4F7556}") = "Authors", "Authors\Authors.csproj", "{54104E9D-E8F5-4763-A846-4A7EFFB77C4D}"
EndProject
Project("{9A19103F-16F7-4668-BE54-9A1E7A4F7556}") = "DataBaseContext", "DbLayer\DataBaseContext.csproj", "{62DC3665-1727-4B79-BD9A-5C7D1828DB32}"
EndProject
Project("{9A19103F-16F7-4668-BE54-9A1E7A4F7556}") = "DataTransferObject", "DtoLayer\DataTransferObject.csproj", "{A2EF40EB-B720-42EF-8868-A39C20021803}"
EndProject
Project("{9A19103F-16F7-4668-BE54-9A1E7A4F7556}") = "Repository", "Repository\Repository.csproj", "{3C8A29B8-E511-4FA3-BC51-02FD1598663A}"
EndProject
Project("{9A19103F-16F7-4668-BE54-9A1E7A4F7556}") = "Services", "Services\Services.csproj", "{B2679926-2688-4370-95F5-8A70B7DB3538}"
EndProject
Global
	GlobalSection(SolutionConfigurationPlatforms) = preSolution
		Debug|Any CPU = Debug|Any CPU
		Release|Any CPU = Release|Any CPU
	EndGlobalSection
	GlobalSection(ProjectConfigurationPlatforms) = postSolution
		{54104E9D-E8F5-4763-A846-4A7EFFB77C4D}.Debug|Any CPU.ActiveCfg = Debug|Any CPU
		{54104E9D-E8F5-4763-A846-4A7EFFB77C4D}.Debug|Any CPU.Build.0 = Debug|Any CPU
		{54104E9D-E8F5-4763-A846-4A7EFFB77C4D}.Release|Any CPU.ActiveCfg = Release|Any CPU
		{54104E9D-E8F5-4763-A846-4A7EFFB77C4D}.Release|Any CPU.Build.0 = Release|Any CPU
		{62DC3665-1727-4B79-BD9A-5C7D1828DB32}.Debug|Any CPU.ActiveCfg = Debug|Any CPU
		{62DC3665-1727-4B79-BD9A-5C7D1828DB32}.Debug|Any CPU.Build.0 = Debug|Any CPU
		{62DC3665-1727-4B79-BD9A-5C7D1828DB32}.Release|Any CPU.ActiveCfg = Release|Any CPU
		{62DC3665-1727-4B79-BD9A-5C7D1828DB32}.Release|Any CPU.Build.0 = Release|Any CPU
		{A2EF40EB-B720-42EF-8868-A39C20021803}.Debug|Any CPU.ActiveCfg = Debug|Any CPU
		{A2EF40EB-B720-42EF-8868-A39C20021803}.Debug|Any CPU.Build.0 = Debug|Any CPU
		{A2EF40EB-B720-42EF-8868-A39C20021803}.Release|Any CPU.ActiveCfg = Release|Any CPU
		{A2EF40EB-B720-42EF-8868-A39C20021803}.Release|Any CPU.Build.0 = Release|Any CPU
		{3C8A29B8-E511-4FA3-BC51-02FD1598663A}.Debug|Any CPU.ActiveCfg = Debug|Any CPU
		{3C8A29B8-E511-4FA3-BC51-02FD1598663A}.Debug|Any CPU.Build.0 = Debug|Any CPU
		{3C8A29B8-E511-4FA3-BC51-02FD1598663A}.Release|Any CPU.ActiveCfg = Release|Any CPU
		{3C8A29B8-E511-4FA3-BC51-02FD1598663A}.Release|Any CPU.Build.0 = Release|Any CPU
		{B2679926-2688-4370-95F5-8A70B7DB3538}.Debug|Any CPU.ActiveCfg = Debug|Any CPU
		{B2679926-2688-4370-95F5-8A70B7DB3538}.Debug|Any CPU.Build.0 = Debug|Any CPU
		{B2679926-2688-4370-95F5-8A70B7DB3538}.Release|Any CPU.ActiveCfg = Release|Any CPU
		{B2679926-2688-4370-95F5-8A70B7DB3538}.Release|Any CPU.Build.0 = Release|Any CPU
	EndGlobalSection
	GlobalSection(SolutionProperties) = preSolution
		HideSolutionNode = FALSE
	EndGlobalSection
	GlobalSection(ExtensibilityGlobals) = postSolution
		SolutionGuid = {16FC5113-646F-45C1-96D7-A765BFF6E827}
	EndGlobalSection
EndGlobal
